
Microsoft Visual Studio Solution File, Format Version 12.00
# Visual Studio Version 16
VisualStudioVersion = 16.0.30114.105
MinimumVisualStudioVersion = 10.0.40219.1
Project("{2150E333-8FDC-42A3-9474-1A3956D46DE8}") = "src", "src", "{2085163C-7BCB-4625-A63F-AD9EE86FD24F}"
EndProject
Project("{2150E333-8FDC-42A3-9474-1A3956D46DE8}") = "tests", "tests", "{C88C0AF8-A3A8-4E2B-BC32-114B411857C0}"
EndProject
Project("{2150E333-8FDC-42A3-9474-1A3956D46DE8}") = "Domain", "Domain", "{F19B327B-0830-46BF-B041-78ADA2077D64}"
EndProject
Project("{2150E333-8FDC-42A3-9474-1A3956D46DE8}") = "Infrastructure", "Infrastructure", "{6CB53B6A-C702-4029-BE9A-8CEDB492FA80}"
EndProject
Project("{2150E333-8FDC-42A3-9474-1A3956D46DE8}") = "Application", "Application", "{1BD55B3E-5CF3-4E1C-89B9-AA9C3AE6931E}"
EndProject
Project("{2150E333-8FDC-42A3-9474-1A3956D46DE8}") = "solutionFolder", "solutionFolder", "{E5001530-F5A5-480A-8BAD-5487F6069985}"
	ProjectSection(SolutionItems) = preProject
		.gitignore = .gitignore
		README.md = README.md
		stylecop.ruleset = stylecop.ruleset
		stylecopTests.ruleset = stylecopTests.ruleset
		Directory.Build.Props = Directory.Build.Props
	EndProjectSection
EndProject
Project("{FAE04EC0-301F-11D3-BF4B-00C04F79EFBC}") = "DesktopClearArchitecture.Domain", "src\Domain\DesktopClearArchitecture.Domain\DesktopClearArchitecture.Domain.csproj", "{37B48BD7-CB1F-47F0-99C0-0FA7486D8D30}"
EndProject
Project("{FAE04EC0-301F-11D3-BF4B-00C04F79EFBC}") = "DesktopClearArchitecture.Application", "src\Application\DesktopClearArchitecture.Application\DesktopClearArchitecture.Application.csproj", "{CA84664A-5386-4070-9A72-AC77DB5280AD}"
EndProject
Project("{FAE04EC0-301F-11D3-BF4B-00C04F79EFBC}") = "DesktopClearArchitecture.Infrastructure", "src\Infrastructure\DesktopClearArchitecture.Infrastructure\DesktopClearArchitecture.Infrastructure.csproj", "{3A2605DB-CCF0-4982-9092-117D6E264E3A}"
EndProject
Project("{FAE04EC0-301F-11D3-BF4B-00C04F79EFBC}") = "DesktopClearArchitecture.Infrasctucture.Identity.Tests", "tests\DesktopClearArchitecture.Infrasctucture.Identity.Tests\DesktopClearArchitecture.Infrasctucture.Identity.Tests.csproj", "{03656BAD-7F6A-47D6-BD64-8B788E60EB69}"
EndProject
Project("{2150E333-8FDC-42A3-9474-1A3956D46DE8}") = "UI", "UI", "{02E9CD84-7D81-4943-828D-C7D6DF3C4863}"
EndProject
Project("{FAE04EC0-301F-11D3-BF4B-00C04F79EFBC}") = "DesktopClearArchitecture.Infrastructure.Persistence", "src\Infrastructure\DesktopClearArchitecture.Infrastructure.Persistence\DesktopClearArchitecture.Infrastructure.Persistence.csproj", "{6E2F3FF3-2DB3-4914-930E-59987E184A58}"
EndProject
Project("{FAE04EC0-301F-11D3-BF4B-00C04F79EFBC}") = "DesktopClearArchitecture.Infrastructure.Identity", "src\Infrastructure\DesktopClearArchitecture.Infrastructure.Identity\DesktopClearArchitecture.Infrastructure.Identity.csproj", "{54D97E45-20DA-4581-BF86-19A52D11DFCC}"
EndProject
Project("{FAE04EC0-301F-11D3-BF4B-00C04F79EFBC}") = "DesktopClearArchitecture.Client", "src\UI\DesktopClearArchitecture.Client\DesktopClearArchitecture.Client.csproj", "{CCE55E0F-1DB5-4B71-AE9C-93E11B9F9579}"
EndProject
Project("{2150E333-8FDC-42A3-9474-1A3956D46DE8}") = "Modules", "Modules", "{3F6E1163-17D1-45ED-91FA-6142F89A87BD}"
EndProject
Project("{FAE04EC0-301F-11D3-BF4B-00C04F79EFBC}") = "DesktopClearArchitecture.Shared", "src\UI\DesktopClearArchitecture.Shared\DesktopClearArchitecture.Shared.csproj", "{4EEFA1F0-0D10-4943-A281-9E80619BCB1F}"
EndProject
Project("{FAE04EC0-301F-11D3-BF4B-00C04F79EFBC}") = "DesktopClearArchitecture.UI.Modules.Home", "src\UI\Modules\DesktopClearArchitecture.UI.Modules.Home\DesktopClearArchitecture.UI.Modules.Home.csproj", "{4A542268-FBE1-4E0D-9EC4-77F64E6739FE}"
EndProject
Project("{FAE04EC0-301F-11D3-BF4B-00C04F79EFBC}") = "DesktopClearArchitecture.UI.Modules.Products", "src\UI\Modules\DesktopClearArchitecture.UI.Modules.Products\DesktopClearArchitecture.UI.Modules.Products.csproj", "{C020FDA8-FE2B-4FC6-8944-4070ED51EDC6}"
EndProject
Project("{FAE04EC0-301F-11D3-BF4B-00C04F79EFBC}") = "DesktopClearArchitecture.UI.Modules.Music", "src\UI\Modules\DesktopClearArchitecture.UI.Modules.Music\DesktopClearArchitecture.UI.Modules.Music.csproj", "{948EB0DA-668C-43B4-BFA7-0DAC4FAEF2F5}"
EndProject
Project("{FAE04EC0-301F-11D3-BF4B-00C04F79EFBC}") = "DesktopClearArchitecture.UI.Modules.Games", "src\UI\Modules\DesktopClearArchitecture.UI.Modules.Games\DesktopClearArchitecture.UI.Modules.Games.csproj", "{F488DF66-E0F4-4202-917F-00ECDE305644}"
EndProject
Project("{FAE04EC0-301F-11D3-BF4B-00C04F79EFBC}") = "DesktopClearArchitecture.UI.Modules.Settings", "src\UI\Modules\DesktopClearArchitecture.UI.Modules.Settings\DesktopClearArchitecture.UI.Modules.Settings.csproj", "{7EAB2162-1DE7-4986-B699-04E67D99B865}"
EndProject
Project("{2150E333-8FDC-42A3-9474-1A3956D46DE8}") = "benchs", "benchs", "{2A0EDE92-5EF3-456C-A2F3-7F0B3CE11F12}"
EndProject
Project("{FAE04EC0-301F-11D3-BF4B-00C04F79EFBC}") = "DesktopClearArchitecture.Infrastructure.Benchs", "benchs\DesktopClearArchitecture.Infrastructure.Benchs\DesktopClearArchitecture.Infrastructure.Benchs.csproj", "{0C0FB20D-B1E6-432F-B7CD-40E7D3DF300D}"
EndProject
Project("{2150E333-8FDC-42A3-9474-1A3956D46DE8}") = "docker", "docker", "{41240DE6-89B7-4748-8936-A64108B22FD7}"
ProjectSection(SolutionItems) = preProject
	docker-compose.yml = docker-compose.yml
EndProjectSection
EndProject
Project("{2150E333-8FDC-42A3-9474-1A3956D46DE8}") = "Dialogs", "Dialogs", "{159E30A1-3A11-4E91-84BB-CC4FCFB024B6}"
EndProject
Project("{FAE04EC0-301F-11D3-BF4B-00C04F79EFBC}") = "DesktopClearArchitecture.UI.Dialogs.Authorization", "src\UI\Dialogs\DesktopClearArchitecture.UI.Dialogs.Authorization\DesktopClearArchitecture.UI.Dialogs.Authorization.csproj", "{7A199108-9CEF-4326-B8BE-42A9A42161D3}"
EndProject
Project("{FAE04EC0-301F-11D3-BF4B-00C04F79EFBC}") = "DesktopClearArchitecture.UI.Shared.Tests", "tests\DesktopClearArchitecture.UI.Shared.Tests\DesktopClearArchitecture.UI.Shared.Tests.csproj", "{3FD5B281-06EE-4D74-9158-1C7D91FB69C0}"
EndProject
Project("{FAE04EC0-301F-11D3-BF4B-00C04F79EFBC}") = "DesktopClearArchitecture.Architecture.Tests", "tests\DesktopClearArchitecture.Architecture.Tests\DesktopClearArchitecture.Architecture.Tests.csproj", "{24A3877F-80BB-4EB2-A921-F8D3E6660EAD}"
EndProject
Global
	GlobalSection(SolutionConfigurationPlatforms) = preSolution
		Debug|Any CPU = Debug|Any CPU
		Debug|x64 = Debug|x64
		Debug|x86 = Debug|x86
		Release|Any CPU = Release|Any CPU
		Release|x64 = Release|x64
		Release|x86 = Release|x86
	EndGlobalSection
	GlobalSection(SolutionProperties) = preSolution
		HideSolutionNode = FALSE
	EndGlobalSection
	GlobalSection(ProjectConfigurationPlatforms) = postSolution
		{37B48BD7-CB1F-47F0-99C0-0FA7486D8D30}.Debug|Any CPU.ActiveCfg = Debug|Any CPU
		{37B48BD7-CB1F-47F0-99C0-0FA7486D8D30}.Debug|Any CPU.Build.0 = Debug|Any CPU
		{37B48BD7-CB1F-47F0-99C0-0FA7486D8D30}.Debug|x64.ActiveCfg = Debug|Any CPU
		{37B48BD7-CB1F-47F0-99C0-0FA7486D8D30}.Debug|x64.Build.0 = Debug|Any CPU
		{37B48BD7-CB1F-47F0-99C0-0FA7486D8D30}.Debug|x86.ActiveCfg = Debug|Any CPU
		{37B48BD7-CB1F-47F0-99C0-0FA7486D8D30}.Debug|x86.Build.0 = Debug|Any CPU
		{37B48BD7-CB1F-47F0-99C0-0FA7486D8D30}.Release|Any CPU.ActiveCfg = Release|Any CPU
		{37B48BD7-CB1F-47F0-99C0-0FA7486D8D30}.Release|Any CPU.Build.0 = Release|Any CPU
		{37B48BD7-CB1F-47F0-99C0-0FA7486D8D30}.Release|x64.ActiveCfg = Release|Any CPU
		{37B48BD7-CB1F-47F0-99C0-0FA7486D8D30}.Release|x64.Build.0 = Release|Any CPU
		{37B48BD7-CB1F-47F0-99C0-0FA7486D8D30}.Release|x86.ActiveCfg = Release|Any CPU
		{37B48BD7-CB1F-47F0-99C0-0FA7486D8D30}.Release|x86.Build.0 = Release|Any CPU
		{CA84664A-5386-4070-9A72-AC77DB5280AD}.Debug|Any CPU.ActiveCfg = Debug|Any CPU
		{CA84664A-5386-4070-9A72-AC77DB5280AD}.Debug|Any CPU.Build.0 = Debug|Any CPU
		{CA84664A-5386-4070-9A72-AC77DB5280AD}.Debug|x64.ActiveCfg = Debug|Any CPU
		{CA84664A-5386-4070-9A72-AC77DB5280AD}.Debug|x64.Build.0 = Debug|Any CPU
		{CA84664A-5386-4070-9A72-AC77DB5280AD}.Debug|x86.ActiveCfg = Debug|Any CPU
		{CA84664A-5386-4070-9A72-AC77DB5280AD}.Debug|x86.Build.0 = Debug|Any CPU
		{CA84664A-5386-4070-9A72-AC77DB5280AD}.Release|Any CPU.ActiveCfg = Release|Any CPU
		{CA84664A-5386-4070-9A72-AC77DB5280AD}.Release|Any CPU.Build.0 = Release|Any CPU
		{CA84664A-5386-4070-9A72-AC77DB5280AD}.Release|x64.ActiveCfg = Release|Any CPU
		{CA84664A-5386-4070-9A72-AC77DB5280AD}.Release|x64.Build.0 = Release|Any CPU
		{CA84664A-5386-4070-9A72-AC77DB5280AD}.Release|x86.ActiveCfg = Release|Any CPU
		{CA84664A-5386-4070-9A72-AC77DB5280AD}.Release|x86.Build.0 = Release|Any CPU
		{3A2605DB-CCF0-4982-9092-117D6E264E3A}.Debug|Any CPU.ActiveCfg = Debug|Any CPU
		{3A2605DB-CCF0-4982-9092-117D6E264E3A}.Debug|Any CPU.Build.0 = Debug|Any CPU
		{3A2605DB-CCF0-4982-9092-117D6E264E3A}.Debug|x64.ActiveCfg = Debug|Any CPU
		{3A2605DB-CCF0-4982-9092-117D6E264E3A}.Debug|x64.Build.0 = Debug|Any CPU
		{3A2605DB-CCF0-4982-9092-117D6E264E3A}.Debug|x86.ActiveCfg = Debug|Any CPU
		{3A2605DB-CCF0-4982-9092-117D6E264E3A}.Debug|x86.Build.0 = Debug|Any CPU
		{3A2605DB-CCF0-4982-9092-117D6E264E3A}.Release|Any CPU.ActiveCfg = Release|Any CPU
		{3A2605DB-CCF0-4982-9092-117D6E264E3A}.Release|Any CPU.Build.0 = Release|Any CPU
		{3A2605DB-CCF0-4982-9092-117D6E264E3A}.Release|x64.ActiveCfg = Release|Any CPU
		{3A2605DB-CCF0-4982-9092-117D6E264E3A}.Release|x64.Build.0 = Release|Any CPU
		{3A2605DB-CCF0-4982-9092-117D6E264E3A}.Release|x86.ActiveCfg = Release|Any CPU
		{3A2605DB-CCF0-4982-9092-117D6E264E3A}.Release|x86.Build.0 = Release|Any CPU
		{03656BAD-7F6A-47D6-BD64-8B788E60EB69}.Debug|Any CPU.ActiveCfg = Debug|Any CPU
		{03656BAD-7F6A-47D6-BD64-8B788E60EB69}.Debug|Any CPU.Build.0 = Debug|Any CPU
		{03656BAD-7F6A-47D6-BD64-8B788E60EB69}.Debug|x64.ActiveCfg = Debug|Any CPU
		{03656BAD-7F6A-47D6-BD64-8B788E60EB69}.Debug|x64.Build.0 = Debug|Any CPU
		{03656BAD-7F6A-47D6-BD64-8B788E60EB69}.Debug|x86.ActiveCfg = Debug|Any CPU
		{03656BAD-7F6A-47D6-BD64-8B788E60EB69}.Debug|x86.Build.0 = Debug|Any CPU
		{03656BAD-7F6A-47D6-BD64-8B788E60EB69}.Release|Any CPU.ActiveCfg = Release|Any CPU
		{03656BAD-7F6A-47D6-BD64-8B788E60EB69}.Release|Any CPU.Build.0 = Release|Any CPU
		{03656BAD-7F6A-47D6-BD64-8B788E60EB69}.Release|x64.ActiveCfg = Release|Any CPU
		{03656BAD-7F6A-47D6-BD64-8B788E60EB69}.Release|x64.Build.0 = Release|Any CPU
		{03656BAD-7F6A-47D6-BD64-8B788E60EB69}.Release|x86.ActiveCfg = Release|Any CPU
		{03656BAD-7F6A-47D6-BD64-8B788E60EB69}.Release|x86.Build.0 = Release|Any CPU
		{6E2F3FF3-2DB3-4914-930E-59987E184A58}.Debug|Any CPU.ActiveCfg = Debug|Any CPU
		{6E2F3FF3-2DB3-4914-930E-59987E184A58}.Debug|Any CPU.Build.0 = Debug|Any CPU
		{6E2F3FF3-2DB3-4914-930E-59987E184A58}.Debug|x64.ActiveCfg = Debug|Any CPU
		{6E2F3FF3-2DB3-4914-930E-59987E184A58}.Debug|x64.Build.0 = Debug|Any CPU
		{6E2F3FF3-2DB3-4914-930E-59987E184A58}.Debug|x86.ActiveCfg = Debug|Any CPU
		{6E2F3FF3-2DB3-4914-930E-59987E184A58}.Debug|x86.Build.0 = Debug|Any CPU
		{6E2F3FF3-2DB3-4914-930E-59987E184A58}.Release|Any CPU.ActiveCfg = Release|Any CPU
		{6E2F3FF3-2DB3-4914-930E-59987E184A58}.Release|Any CPU.Build.0 = Release|Any CPU
		{6E2F3FF3-2DB3-4914-930E-59987E184A58}.Release|x64.ActiveCfg = Release|Any CPU
		{6E2F3FF3-2DB3-4914-930E-59987E184A58}.Release|x64.Build.0 = Release|Any CPU
		{6E2F3FF3-2DB3-4914-930E-59987E184A58}.Release|x86.ActiveCfg = Release|Any CPU
		{6E2F3FF3-2DB3-4914-930E-59987E184A58}.Release|x86.Build.0 = Release|Any CPU
		{54D97E45-20DA-4581-BF86-19A52D11DFCC}.Debug|Any CPU.ActiveCfg = Debug|Any CPU
		{54D97E45-20DA-4581-BF86-19A52D11DFCC}.Debug|Any CPU.Build.0 = Debug|Any CPU
		{54D97E45-20DA-4581-BF86-19A52D11DFCC}.Debug|x64.ActiveCfg = Debug|Any CPU
		{54D97E45-20DA-4581-BF86-19A52D11DFCC}.Debug|x64.Build.0 = Debug|Any CPU
		{54D97E45-20DA-4581-BF86-19A52D11DFCC}.Debug|x86.ActiveCfg = Debug|Any CPU
		{54D97E45-20DA-4581-BF86-19A52D11DFCC}.Debug|x86.Build.0 = Debug|Any CPU
		{54D97E45-20DA-4581-BF86-19A52D11DFCC}.Release|Any CPU.ActiveCfg = Release|Any CPU
		{54D97E45-20DA-4581-BF86-19A52D11DFCC}.Release|Any CPU.Build.0 = Release|Any CPU
		{54D97E45-20DA-4581-BF86-19A52D11DFCC}.Release|x64.ActiveCfg = Release|Any CPU
		{54D97E45-20DA-4581-BF86-19A52D11DFCC}.Release|x64.Build.0 = Release|Any CPU
		{54D97E45-20DA-4581-BF86-19A52D11DFCC}.Release|x86.ActiveCfg = Release|Any CPU
		{54D97E45-20DA-4581-BF86-19A52D11DFCC}.Release|x86.Build.0 = Release|Any CPU
		{CCE55E0F-1DB5-4B71-AE9C-93E11B9F9579}.Debug|Any CPU.ActiveCfg = Debug|Any CPU
		{CCE55E0F-1DB5-4B71-AE9C-93E11B9F9579}.Debug|Any CPU.Build.0 = Debug|Any CPU
		{CCE55E0F-1DB5-4B71-AE9C-93E11B9F9579}.Debug|x64.ActiveCfg = Debug|Any CPU
		{CCE55E0F-1DB5-4B71-AE9C-93E11B9F9579}.Debug|x64.Build.0 = Debug|Any CPU
		{CCE55E0F-1DB5-4B71-AE9C-93E11B9F9579}.Debug|x86.ActiveCfg = Debug|Any CPU
		{CCE55E0F-1DB5-4B71-AE9C-93E11B9F9579}.Debug|x86.Build.0 = Debug|Any CPU
		{CCE55E0F-1DB5-4B71-AE9C-93E11B9F9579}.Release|Any CPU.ActiveCfg = Release|Any CPU
		{CCE55E0F-1DB5-4B71-AE9C-93E11B9F9579}.Release|Any CPU.Build.0 = Release|Any CPU
		{CCE55E0F-1DB5-4B71-AE9C-93E11B9F9579}.Release|x64.ActiveCfg = Release|Any CPU
		{CCE55E0F-1DB5-4B71-AE9C-93E11B9F9579}.Release|x64.Build.0 = Release|Any CPU
		{CCE55E0F-1DB5-4B71-AE9C-93E11B9F9579}.Release|x86.ActiveCfg = Release|Any CPU
		{CCE55E0F-1DB5-4B71-AE9C-93E11B9F9579}.Release|x86.Build.0 = Release|Any CPU
		{4EEFA1F0-0D10-4943-A281-9E80619BCB1F}.Debug|Any CPU.ActiveCfg = Debug|Any CPU
		{4EEFA1F0-0D10-4943-A281-9E80619BCB1F}.Debug|Any CPU.Build.0 = Debug|Any CPU
		{4EEFA1F0-0D10-4943-A281-9E80619BCB1F}.Debug|x64.ActiveCfg = Debug|Any CPU
		{4EEFA1F0-0D10-4943-A281-9E80619BCB1F}.Debug|x64.Build.0 = Debug|Any CPU
		{4EEFA1F0-0D10-4943-A281-9E80619BCB1F}.Debug|x86.ActiveCfg = Debug|Any CPU
		{4EEFA1F0-0D10-4943-A281-9E80619BCB1F}.Debug|x86.Build.0 = Debug|Any CPU
		{4EEFA1F0-0D10-4943-A281-9E80619BCB1F}.Release|Any CPU.ActiveCfg = Release|Any CPU
		{4EEFA1F0-0D10-4943-A281-9E80619BCB1F}.Release|Any CPU.Build.0 = Release|Any CPU
		{4EEFA1F0-0D10-4943-A281-9E80619BCB1F}.Release|x64.ActiveCfg = Release|Any CPU
		{4EEFA1F0-0D10-4943-A281-9E80619BCB1F}.Release|x64.Build.0 = Release|Any CPU
		{4EEFA1F0-0D10-4943-A281-9E80619BCB1F}.Release|x86.ActiveCfg = Release|Any CPU
		{4EEFA1F0-0D10-4943-A281-9E80619BCB1F}.Release|x86.Build.0 = Release|Any CPU
		{4A542268-FBE1-4E0D-9EC4-77F64E6739FE}.Debug|Any CPU.ActiveCfg = Debug|Any CPU
		{4A542268-FBE1-4E0D-9EC4-77F64E6739FE}.Debug|Any CPU.Build.0 = Debug|Any CPU
		{4A542268-FBE1-4E0D-9EC4-77F64E6739FE}.Debug|x64.ActiveCfg = Debug|Any CPU
		{4A542268-FBE1-4E0D-9EC4-77F64E6739FE}.Debug|x64.Build.0 = Debug|Any CPU
		{4A542268-FBE1-4E0D-9EC4-77F64E6739FE}.Debug|x86.ActiveCfg = Debug|Any CPU
		{4A542268-FBE1-4E0D-9EC4-77F64E6739FE}.Debug|x86.Build.0 = Debug|Any CPU
		{4A542268-FBE1-4E0D-9EC4-77F64E6739FE}.Release|Any CPU.ActiveCfg = Release|Any CPU
		{4A542268-FBE1-4E0D-9EC4-77F64E6739FE}.Release|Any CPU.Build.0 = Release|Any CPU
		{4A542268-FBE1-4E0D-9EC4-77F64E6739FE}.Release|x64.ActiveCfg = Release|Any CPU
		{4A542268-FBE1-4E0D-9EC4-77F64E6739FE}.Release|x64.Build.0 = Release|Any CPU
		{4A542268-FBE1-4E0D-9EC4-77F64E6739FE}.Release|x86.ActiveCfg = Release|Any CPU
		{4A542268-FBE1-4E0D-9EC4-77F64E6739FE}.Release|x86.Build.0 = Release|Any CPU
		{C020FDA8-FE2B-4FC6-8944-4070ED51EDC6}.Debug|Any CPU.ActiveCfg = Debug|Any CPU
		{C020FDA8-FE2B-4FC6-8944-4070ED51EDC6}.Debug|Any CPU.Build.0 = Debug|Any CPU
		{C020FDA8-FE2B-4FC6-8944-4070ED51EDC6}.Debug|x64.ActiveCfg = Debug|Any CPU
		{C020FDA8-FE2B-4FC6-8944-4070ED51EDC6}.Debug|x64.Build.0 = Debug|Any CPU
		{C020FDA8-FE2B-4FC6-8944-4070ED51EDC6}.Debug|x86.ActiveCfg = Debug|Any CPU
		{C020FDA8-FE2B-4FC6-8944-4070ED51EDC6}.Debug|x86.Build.0 = Debug|Any CPU
		{C020FDA8-FE2B-4FC6-8944-4070ED51EDC6}.Release|Any CPU.ActiveCfg = Release|Any CPU
		{C020FDA8-FE2B-4FC6-8944-4070ED51EDC6}.Release|Any CPU.Build.0 = Release|Any CPU
		{C020FDA8-FE2B-4FC6-8944-4070ED51EDC6}.Release|x64.ActiveCfg = Release|Any CPU
		{C020FDA8-FE2B-4FC6-8944-4070ED51EDC6}.Release|x64.Build.0 = Release|Any CPU
		{C020FDA8-FE2B-4FC6-8944-4070ED51EDC6}.Release|x86.ActiveCfg = Release|Any CPU
		{C020FDA8-FE2B-4FC6-8944-4070ED51EDC6}.Release|x86.Build.0 = Release|Any CPU
		{948EB0DA-668C-43B4-BFA7-0DAC4FAEF2F5}.Debug|Any CPU.ActiveCfg = Debug|Any CPU
		{948EB0DA-668C-43B4-BFA7-0DAC4FAEF2F5}.Debug|Any CPU.Build.0 = Debug|Any CPU
		{948EB0DA-668C-43B4-BFA7-0DAC4FAEF2F5}.Debug|x64.ActiveCfg = Debug|Any CPU
		{948EB0DA-668C-43B4-BFA7-0DAC4FAEF2F5}.Debug|x64.Build.0 = Debug|Any CPU
		{948EB0DA-668C-43B4-BFA7-0DAC4FAEF2F5}.Debug|x86.ActiveCfg = Debug|Any CPU
		{948EB0DA-668C-43B4-BFA7-0DAC4FAEF2F5}.Debug|x86.Build.0 = Debug|Any CPU
		{948EB0DA-668C-43B4-BFA7-0DAC4FAEF2F5}.Release|Any CPU.ActiveCfg = Release|Any CPU
		{948EB0DA-668C-43B4-BFA7-0DAC4FAEF2F5}.Release|Any CPU.Build.0 = Release|Any CPU
		{948EB0DA-668C-43B4-BFA7-0DAC4FAEF2F5}.Release|x64.ActiveCfg = Release|Any CPU
		{948EB0DA-668C-43B4-BFA7-0DAC4FAEF2F5}.Release|x64.Build.0 = Release|Any CPU
		{948EB0DA-668C-43B4-BFA7-0DAC4FAEF2F5}.Release|x86.ActiveCfg = Release|Any CPU
		{948EB0DA-668C-43B4-BFA7-0DAC4FAEF2F5}.Release|x86.Build.0 = Release|Any CPU
		{F488DF66-E0F4-4202-917F-00ECDE305644}.Debug|Any CPU.ActiveCfg = Debug|Any CPU
		{F488DF66-E0F4-4202-917F-00ECDE305644}.Debug|Any CPU.Build.0 = Debug|Any CPU
		{F488DF66-E0F4-4202-917F-00ECDE305644}.Debug|x64.ActiveCfg = Debug|Any CPU
		{F488DF66-E0F4-4202-917F-00ECDE305644}.Debug|x64.Build.0 = Debug|Any CPU
		{F488DF66-E0F4-4202-917F-00ECDE305644}.Debug|x86.ActiveCfg = Debug|Any CPU
		{F488DF66-E0F4-4202-917F-00ECDE305644}.Debug|x86.Build.0 = Debug|Any CPU
		{F488DF66-E0F4-4202-917F-00ECDE305644}.Release|Any CPU.ActiveCfg = Release|Any CPU
		{F488DF66-E0F4-4202-917F-00ECDE305644}.Release|Any CPU.Build.0 = Release|Any CPU
		{F488DF66-E0F4-4202-917F-00ECDE305644}.Release|x64.ActiveCfg = Release|Any CPU
		{F488DF66-E0F4-4202-917F-00ECDE305644}.Release|x64.Build.0 = Release|Any CPU
		{F488DF66-E0F4-4202-917F-00ECDE305644}.Release|x86.ActiveCfg = Release|Any CPU
		{F488DF66-E0F4-4202-917F-00ECDE305644}.Release|x86.Build.0 = Release|Any CPU
		{7EAB2162-1DE7-4986-B699-04E67D99B865}.Debug|Any CPU.ActiveCfg = Debug|Any CPU
		{7EAB2162-1DE7-4986-B699-04E67D99B865}.Debug|Any CPU.Build.0 = Debug|Any CPU
		{7EAB2162-1DE7-4986-B699-04E67D99B865}.Debug|x64.ActiveCfg = Debug|Any CPU
		{7EAB2162-1DE7-4986-B699-04E67D99B865}.Debug|x64.Build.0 = Debug|Any CPU
		{7EAB2162-1DE7-4986-B699-04E67D99B865}.Debug|x86.ActiveCfg = Debug|Any CPU
		{7EAB2162-1DE7-4986-B699-04E67D99B865}.Debug|x86.Build.0 = Debug|Any CPU
		{7EAB2162-1DE7-4986-B699-04E67D99B865}.Release|Any CPU.ActiveCfg = Release|Any CPU
		{7EAB2162-1DE7-4986-B699-04E67D99B865}.Release|Any CPU.Build.0 = Release|Any CPU
		{7EAB2162-1DE7-4986-B699-04E67D99B865}.Release|x64.ActiveCfg = Release|Any CPU
		{7EAB2162-1DE7-4986-B699-04E67D99B865}.Release|x64.Build.0 = Release|Any CPU
		{7EAB2162-1DE7-4986-B699-04E67D99B865}.Release|x86.ActiveCfg = Release|Any CPU
		{7EAB2162-1DE7-4986-B699-04E67D99B865}.Release|x86.Build.0 = Release|Any CPU
		{0C0FB20D-B1E6-432F-B7CD-40E7D3DF300D}.Debug|Any CPU.ActiveCfg = Debug|Any CPU
		{0C0FB20D-B1E6-432F-B7CD-40E7D3DF300D}.Debug|Any CPU.Build.0 = Debug|Any CPU
		{0C0FB20D-B1E6-432F-B7CD-40E7D3DF300D}.Debug|x64.ActiveCfg = Debug|Any CPU
		{0C0FB20D-B1E6-432F-B7CD-40E7D3DF300D}.Debug|x64.Build.0 = Debug|Any CPU
		{0C0FB20D-B1E6-432F-B7CD-40E7D3DF300D}.Debug|x86.ActiveCfg = Debug|Any CPU
		{0C0FB20D-B1E6-432F-B7CD-40E7D3DF300D}.Debug|x86.Build.0 = Debug|Any CPU
		{0C0FB20D-B1E6-432F-B7CD-40E7D3DF300D}.Release|Any CPU.ActiveCfg = Release|Any CPU
		{0C0FB20D-B1E6-432F-B7CD-40E7D3DF300D}.Release|Any CPU.Build.0 = Release|Any CPU
		{0C0FB20D-B1E6-432F-B7CD-40E7D3DF300D}.Release|x64.ActiveCfg = Release|Any CPU
		{0C0FB20D-B1E6-432F-B7CD-40E7D3DF300D}.Release|x64.Build.0 = Release|Any CPU
		{0C0FB20D-B1E6-432F-B7CD-40E7D3DF300D}.Release|x86.ActiveCfg = Release|Any CPU
		{0C0FB20D-B1E6-432F-B7CD-40E7D3DF300D}.Release|x86.Build.0 = Release|Any CPU
		{7A199108-9CEF-4326-B8BE-42A9A42161D3}.Debug|Any CPU.ActiveCfg = Debug|Any CPU
		{7A199108-9CEF-4326-B8BE-42A9A42161D3}.Debug|Any CPU.Build.0 = Debug|Any CPU
		{7A199108-9CEF-4326-B8BE-42A9A42161D3}.Debug|x64.ActiveCfg = Debug|Any CPU
		{7A199108-9CEF-4326-B8BE-42A9A42161D3}.Debug|x64.Build.0 = Debug|Any CPU
		{7A199108-9CEF-4326-B8BE-42A9A42161D3}.Debug|x86.ActiveCfg = Debug|Any CPU
		{7A199108-9CEF-4326-B8BE-42A9A42161D3}.Debug|x86.Build.0 = Debug|Any CPU
		{7A199108-9CEF-4326-B8BE-42A9A42161D3}.Release|Any CPU.ActiveCfg = Release|Any CPU
		{7A199108-9CEF-4326-B8BE-42A9A42161D3}.Release|Any CPU.Build.0 = Release|Any CPU
		{7A199108-9CEF-4326-B8BE-42A9A42161D3}.Release|x64.ActiveCfg = Release|Any CPU
		{7A199108-9CEF-4326-B8BE-42A9A42161D3}.Release|x64.Build.0 = Release|Any CPU
		{7A199108-9CEF-4326-B8BE-42A9A42161D3}.Release|x86.ActiveCfg = Release|Any CPU
		{7A199108-9CEF-4326-B8BE-42A9A42161D3}.Release|x86.Build.0 = Release|Any CPU
		{3FD5B281-06EE-4D74-9158-1C7D91FB69C0}.Debug|Any CPU.ActiveCfg = Debug|Any CPU
		{3FD5B281-06EE-4D74-9158-1C7D91FB69C0}.Debug|Any CPU.Build.0 = Debug|Any CPU
		{3FD5B281-06EE-4D74-9158-1C7D91FB69C0}.Debug|x64.ActiveCfg = Debug|Any CPU
		{3FD5B281-06EE-4D74-9158-1C7D91FB69C0}.Debug|x64.Build.0 = Debug|Any CPU
		{3FD5B281-06EE-4D74-9158-1C7D91FB69C0}.Debug|x86.ActiveCfg = Debug|Any CPU
		{3FD5B281-06EE-4D74-9158-1C7D91FB69C0}.Debug|x86.Build.0 = Debug|Any CPU
		{3FD5B281-06EE-4D74-9158-1C7D91FB69C0}.Release|Any CPU.ActiveCfg = Release|Any CPU
		{3FD5B281-06EE-4D74-9158-1C7D91FB69C0}.Release|Any CPU.Build.0 = Release|Any CPU
		{3FD5B281-06EE-4D74-9158-1C7D91FB69C0}.Release|x64.ActiveCfg = Release|Any CPU
		{3FD5B281-06EE-4D74-9158-1C7D91FB69C0}.Release|x64.Build.0 = Release|Any CPU
		{3FD5B281-06EE-4D74-9158-1C7D91FB69C0}.Release|x86.ActiveCfg = Release|Any CPU
		{3FD5B281-06EE-4D74-9158-1C7D91FB69C0}.Release|x86.Build.0 = Release|Any CPU
		{24A3877F-80BB-4EB2-A921-F8D3E6660EAD}.Debug|Any CPU.ActiveCfg = Debug|Any CPU
		{24A3877F-80BB-4EB2-A921-F8D3E6660EAD}.Debug|Any CPU.Build.0 = Debug|Any CPU
		{24A3877F-80BB-4EB2-A921-F8D3E6660EAD}.Debug|x64.ActiveCfg = Debug|Any CPU
		{24A3877F-80BB-4EB2-A921-F8D3E6660EAD}.Debug|x64.Build.0 = Debug|Any CPU
		{24A3877F-80BB-4EB2-A921-F8D3E6660EAD}.Debug|x86.ActiveCfg = Debug|Any CPU
		{24A3877F-80BB-4EB2-A921-F8D3E6660EAD}.Debug|x86.Build.0 = Debug|Any CPU
		{24A3877F-80BB-4EB2-A921-F8D3E6660EAD}.Release|Any CPU.ActiveCfg = Release|Any CPU
		{24A3877F-80BB-4EB2-A921-F8D3E6660EAD}.Release|Any CPU.Build.0 = Release|Any CPU
		{24A3877F-80BB-4EB2-A921-F8D3E6660EAD}.Release|x64.ActiveCfg = Release|Any CPU
		{24A3877F-80BB-4EB2-A921-F8D3E6660EAD}.Release|x64.Build.0 = Release|Any CPU
		{24A3877F-80BB-4EB2-A921-F8D3E6660EAD}.Release|x86.ActiveCfg = Release|Any CPU
		{24A3877F-80BB-4EB2-A921-F8D3E6660EAD}.Release|x86.Build.0 = Release|Any CPU
	EndGlobalSection
	GlobalSection(NestedProjects) = preSolution
		{F19B327B-0830-46BF-B041-78ADA2077D64} = {2085163C-7BCB-4625-A63F-AD9EE86FD24F}
		{6CB53B6A-C702-4029-BE9A-8CEDB492FA80} = {2085163C-7BCB-4625-A63F-AD9EE86FD24F}
		{1BD55B3E-5CF3-4E1C-89B9-AA9C3AE6931E} = {2085163C-7BCB-4625-A63F-AD9EE86FD24F}
		{37B48BD7-CB1F-47F0-99C0-0FA7486D8D30} = {F19B327B-0830-46BF-B041-78ADA2077D64}
		{CA84664A-5386-4070-9A72-AC77DB5280AD} = {1BD55B3E-5CF3-4E1C-89B9-AA9C3AE6931E}
		{3A2605DB-CCF0-4982-9092-117D6E264E3A} = {6CB53B6A-C702-4029-BE9A-8CEDB492FA80}
		{03656BAD-7F6A-47D6-BD64-8B788E60EB69} = {C88C0AF8-A3A8-4E2B-BC32-114B411857C0}
		{02E9CD84-7D81-4943-828D-C7D6DF3C4863} = {2085163C-7BCB-4625-A63F-AD9EE86FD24F}
		{6E2F3FF3-2DB3-4914-930E-59987E184A58} = {6CB53B6A-C702-4029-BE9A-8CEDB492FA80}
		{54D97E45-20DA-4581-BF86-19A52D11DFCC} = {6CB53B6A-C702-4029-BE9A-8CEDB492FA80}
		{CCE55E0F-1DB5-4B71-AE9C-93E11B9F9579} = {02E9CD84-7D81-4943-828D-C7D6DF3C4863}
		{3F6E1163-17D1-45ED-91FA-6142F89A87BD} = {02E9CD84-7D81-4943-828D-C7D6DF3C4863}
		{4EEFA1F0-0D10-4943-A281-9E80619BCB1F} = {02E9CD84-7D81-4943-828D-C7D6DF3C4863}
		{4A542268-FBE1-4E0D-9EC4-77F64E6739FE} = {3F6E1163-17D1-45ED-91FA-6142F89A87BD}
		{C020FDA8-FE2B-4FC6-8944-4070ED51EDC6} = {3F6E1163-17D1-45ED-91FA-6142F89A87BD}
		{948EB0DA-668C-43B4-BFA7-0DAC4FAEF2F5} = {3F6E1163-17D1-45ED-91FA-6142F89A87BD}
		{F488DF66-E0F4-4202-917F-00ECDE305644} = {3F6E1163-17D1-45ED-91FA-6142F89A87BD}
		{7EAB2162-1DE7-4986-B699-04E67D99B865} = {3F6E1163-17D1-45ED-91FA-6142F89A87BD}
		{0C0FB20D-B1E6-432F-B7CD-40E7D3DF300D} = {2A0EDE92-5EF3-456C-A2F3-7F0B3CE11F12}
		{159E30A1-3A11-4E91-84BB-CC4FCFB024B6} = {02E9CD84-7D81-4943-828D-C7D6DF3C4863}
		{7A199108-9CEF-4326-B8BE-42A9A42161D3} = {159E30A1-3A11-4E91-84BB-CC4FCFB024B6}
		{3FD5B281-06EE-4D74-9158-1C7D91FB69C0} = {C88C0AF8-A3A8-4E2B-BC32-114B411857C0}
		{24A3877F-80BB-4EB2-A921-F8D3E6660EAD} = {C88C0AF8-A3A8-4E2B-BC32-114B411857C0}
	EndGlobalSection
EndGlobal
